
Microsoft Visual Studio Solution File, Format Version 12.00
# Visual Studio Version 17
VisualStudioVersion = 17.7.34302.85
MinimumVisualStudioVersion = 10.0.40219.1
Project("{FAE04EC0-301F-11D3-BF4B-00C04F79EFBC}") = "NZWalk.API", "NZWalk.API\NZWalk.API.csproj", "{4CB661D9-AE6C-4A91-BF38-03A3F4D7FC80}"
EndProject
Global
	GlobalSection(SolutionConfigurationPlatforms) = preSolution
		Debug|Any CPU = Debug|Any CPU
		Release|Any CPU = Release|Any CPU
	EndGlobalSection
	GlobalSection(ProjectConfigurationPlatforms) = postSolution
		{4CB661D9-AE6C-4A91-BF38-03A3F4D7FC80}.Debug|Any CPU.ActiveCfg = Debug|Any CPU
		{4CB661D9-AE6C-4A91-BF38-03A3F4D7FC80}.Debug|Any CPU.Build.0 = Debug|Any CPU
		{4CB661D9-AE6C-4A91-BF38-03A3F4D7FC80}.Release|Any CPU.ActiveCfg = Release|Any CPU
		{4CB661D9-AE6C-4A91-BF38-03A3F4D7FC80}.Release|Any CPU.Build.0 = Release|Any CPU
	EndGlobalSection
	GlobalSection(SolutionProperties) = preSolution
		HideSolutionNode = FALSE
	EndGlobalSection
	GlobalSection(ExtensibilityGlobals) = postSolution
		SolutionGuid = {E3823A64-1766-410B-B503-188F9E7F9A30}
	EndGlobalSection
EndGlobal
